// !$*UTF8*$!
{
	archiveVersion = 1;
	classes = {
	};
	objectVersion = 48;
	objects = {

/* Begin PBXBuildFile section */
		98B2AD54201AFFB50019EFAD /* AppDelegate.swift in Sources */ = {isa = PBXBuildFile; fileRef = 98B2AD53201AFFB50019EFAD /* AppDelegate.swift */; };
		98B2AD59201AFFB50019EFAD /* Main.storyboard in Resources */ = {isa = PBXBuildFile; fileRef = 98B2AD57201AFFB50019EFAD /* Main.storyboard */; };
		98B2AD5B201AFFB50019EFAD /* Assets.xcassets in Resources */ = {isa = PBXBuildFile; fileRef = 98B2AD5A201AFFB50019EFAD /* Assets.xcassets */; };
		98B2AD5E201AFFB50019EFAD /* LaunchScreen.storyboard in Resources */ = {isa = PBXBuildFile; fileRef = 98B2AD5C201AFFB50019EFAD /* LaunchScreen.storyboard */; };
		98B2AD67201AFFE60019EFAD /* ZHSlideViewController.swift in Sources */ = {isa = PBXBuildFile; fileRef = 98B2AD66201AFFE60019EFAD /* ZHSlideViewController.swift */; };
		98B2AD69201B18150019EFAD /* ZHSideViewController.swift in Sources */ = {isa = PBXBuildFile; fileRef = 98B2AD68201B18150019EFAD /* ZHSideViewController.swift */; };
		98B2AD6B201B18230019EFAD /* ZHMainViewController.swift in Sources */ = {isa = PBXBuildFile; fileRef = 98B2AD6A201B18230019EFAD /* ZHMainViewController.swift */; };
/* End PBXBuildFile section */

/* Begin PBXFileReference section */
		98B2AD50201AFFB50019EFAD /* ZHSlideController.app */ = {isa = PBXFileReference; explicitFileType = wrapper.application; includeInIndex = 0; path = ZHSlideController.app; sourceTree = BUILT_PRODUCTS_DIR; };
		98B2AD53201AFFB50019EFAD /* AppDelegate.swift */ = {isa = PBXFileReference; lastKnownFileType = sourcecode.swift; path = AppDelegate.swift; sourceTree = "<group>"; };
		98B2AD58201AFFB50019EFAD /* Base */ = {isa = PBXFileReference; lastKnownFileType = file.storyboard; name = Base; path = Base.lproj/Main.storyboard; sourceTree = "<group>"; };
		98B2AD5A201AFFB50019EFAD /* Assets.xcassets */ = {isa = PBXFileReference; lastKnownFileType = folder.assetcatalog; path = Assets.xcassets; sourceTree = "<group>"; };
		98B2AD5D201AFFB50019EFAD /* Base */ = {isa = PBXFileReference; lastKnownFileType = file.storyboard; name = Base; path = Base.lproj/LaunchScreen.storyboard; sourceTree = "<group>"; };
		98B2AD5F201AFFB50019EFAD /* Info.plist */ = {isa = PBXFileReference; lastKnownFileType = text.plist.xml; path = Info.plist; sourceTree = "<group>"; };
		98B2AD66201AFFE60019EFAD /* ZHSlideViewController.swift */ = {isa = PBXFileReference; fileEncoding = 4; lastKnownFileType = sourcecode.swift; path = ZHSlideViewController.swift; sourceTree = "<group>"; };
		98B2AD68201B18150019EFAD /* ZHSideViewController.swift */ = {isa = PBXFileReference; lastKnownFileType = sourcecode.swift; path = ZHSideViewController.swift; sourceTree = "<group>"; };
		98B2AD6A201B18230019EFAD /* ZHMainViewController.swift */ = {isa = PBXFileReference; lastKnownFileType = sourcecode.swift; path = ZHMainViewController.swift; sourceTree = "<group>"; };
/* End PBXFileReference section */

/* Begin PBXFrameworksBuildPhase section */
		98B2AD4D201AFFB50019EFAD /* Frameworks */ = {
			isa = PBXFrameworksBuildPhase;
			buildActionMask = 2147483647;
			files = (
			);
			runOnlyForDeploymentPostprocessing = 0;
		};
/* End PBXFrameworksBuildPhase section */

/* Begin PBXGroup section */
		98B2AD47201AFFB50019EFAD = {
			isa = PBXGroup;
			children = (
				98B2AD52201AFFB50019EFAD /* ZHSlideController */,
				98B2AD51201AFFB50019EFAD /* Products */,
			);
			sourceTree = "<group>";
		};
		98B2AD51201AFFB50019EFAD /* Products */ = {
			isa = PBXGroup;
			children = (
				98B2AD50201AFFB50019EFAD /* ZHSlideController.app */,
			);
			name = Products;
			sourceTree = "<group>";
		};
		98B2AD52201AFFB50019EFAD /* ZHSlideController */ = {
			isa = PBXGroup;
			children = (
				98B2AD65201AFFC70019EFAD /* SlideController */,
				98B2AD53201AFFB50019EFAD /* AppDelegate.swift */,
				98B2AD6A201B18230019EFAD /* ZHMainViewController.swift */,
				98B2AD68201B18150019EFAD /* ZHSideViewController.swift */,
				98B2AD57201AFFB50019EFAD /* Main.storyboard */,
				98B2AD5A201AFFB50019EFAD /* Assets.xcassets */,
				98B2AD5C201AFFB50019EFAD /* LaunchScreen.storyboard */,
				98B2AD5F201AFFB50019EFAD /* Info.plist */,
			);
			path = ZHSlideController;
			sourceTree = "<group>";
		};
		98B2AD65201AFFC70019EFAD /* SlideController */ = {
			isa = PBXGroup;
			children = (
				98B2AD66201AFFE60019EFAD /* ZHSlideViewController.swift */,
			);
			path = SlideController;
			sourceTree = "<group>";
		};
/* End PBXGroup section */

/* Begin PBXNativeTarget section */
		98B2AD4F201AFFB50019EFAD /* ZHSlideController */ = {
			isa = PBXNativeTarget;
			buildConfigurationList = 98B2AD62201AFFB50019EFAD /* Build configuration list for PBXNativeTarget "ZHSlideController" */;
			buildPhases = (
				98B2AD4C201AFFB50019EFAD /* Sources */,
				98B2AD4D201AFFB50019EFAD /* Frameworks */,
				98B2AD4E201AFFB50019EFAD /* Resources */,
			);
			buildRules = (
			);
			dependencies = (
			);
			name = ZHSlideController;
			productName = ZHSlideController;
			productReference = 98B2AD50201AFFB50019EFAD /* ZHSlideController.app */;
			productType = "com.apple.product-type.application";
		};
/* End PBXNativeTarget section */

/* Begin PBXProject section */
		98B2AD48201AFFB50019EFAD /* Project object */ = {
			isa = PBXProject;
			attributes = {
				CLASSPREFIX = ZH;
				LastSwiftUpdateCheck = 0920;
				LastUpgradeCheck = 0920;
				ORGANIZATIONNAME = "张志彬";
				TargetAttributes = {
					98B2AD4F201AFFB50019EFAD = {
						CreatedOnToolsVersion = 9.2;
						ProvisioningStyle = Automatic;
					};
				};
			};
			buildConfigurationList = 98B2AD4B201AFFB50019EFAD /* Build configuration list for PBXProject "ZHSlideController" */;
			compatibilityVersion = "Xcode 8.0";
			developmentRegion = en;
			hasScannedForEncodings = 0;
			knownRegions = (
				en,
				Base,
			);
			mainGroup = 98B2AD47201AFFB50019EFAD;
			productRefGroup = 98B2AD51201AFFB50019EFAD /* Products */;
			projectDirPath = "";
			projectRoot = "";
			targets = (
				98B2AD4F201AFFB50019EFAD /* ZHSlideController */,
			);
		};
/* End PBXProject section */

/* Begin PBXResourcesBuildPhase section */
		98B2AD4E201AFFB50019EFAD /* Resources */ = {
			isa = PBXResourcesBuildPhase;
			buildActionMask = 2147483647;
			files = (
				98B2AD5E201AFFB50019EFAD /* LaunchScreen.storyboard in Resources */,
				98B2AD5B201AFFB50019EFAD /* Assets.xcassets in Resources */,
				98B2AD59201AFFB50019EFAD /* Main.storyboard in Resources */,
			);
			runOnlyForDeploymentPostprocessing = 0;
		};
/* End PBXResourcesBuildPhase section */

/* Begin PBXSourcesBuildPhase section */
		98B2AD4C201AFFB50019EFAD /* Sources */ = {
			isa = PBXSourcesBuildPhase;
			buildActionMask = 2147483647;
			files = (
				98B2AD54201AFFB50019EFAD /* AppDelegate.swift in Sources */,
				98B2AD67201AFFE60019EFAD /* ZHSlideViewController.swift in Sources */,
				98B2AD69201B18150019EFAD /* ZHSideViewController.swift in Sources */,
				98B2AD6B201B18230019EFAD /* ZHMainViewController.swift in Sources */,
			);
			runOnlyForDeploymentPostprocessing = 0;
		};
/* End PBXSourcesBuildPhase section */

/* Begin PBXVariantGroup section */
		98B2AD57201AFFB50019EFAD /* Main.storyboard */ = {
			isa = PBXVariantGroup;
			children = (
				98B2AD58201AFFB50019EFAD /* Base */,
			);
			name = Main.storyboard;
			sourceTree = "<group>";
		};
		98B2AD5C201AFFB50019EFAD /* LaunchScreen.storyboard */ = {
			isa = PBXVariantGroup;
			children = (
				98B2AD5D201AFFB50019EFAD /* Base */,
			);
			name = LaunchScreen.storyboard;
			sourceTree = "<group>";
		};
/* End PBXVariantGroup section */

/* Begin XCBuildConfiguration section */
		98B2AD60201AFFB50019EFAD /* Debug */ = {
			isa = XCBuildConfiguration;
			buildSettings = {
				ALWAYS_SEARCH_USER_PATHS = NO;
				CLANG_ANALYZER_NONNULL = YES;
				CLANG_ANALYZER_NUMBER_OBJECT_CONVERSION = YES_AGGRESSIVE;
				CLANG_CXX_LANGUAGE_STANDARD = "gnu++14";
				CLANG_CXX_LIBRARY = "libc++";
				CLANG_ENABLE_MODULES = YES;
				CLANG_ENABLE_OBJC_ARC = YES;
				CLANG_WARN_BLOCK_CAPTURE_AUTORELEASING = YES;
				CLANG_WARN_BOOL_CONVERSION = YES;
				CLANG_WARN_COMMA = YES;
				CLANG_WARN_CONSTANT_CONVERSION = YES;
				CLANG_WARN_DIRECT_OBJC_ISA_USAGE = YES_ERROR;
				CLANG_WARN_DOCUMENTATION_COMMENTS = YES;
				CLANG_WARN_EMPTY_BODY = YES;
				CLANG_WARN_ENUM_CONVERSION = YES;
				CLANG_WARN_INFINITE_RECURSION = YES;
				CLANG_WARN_INT_CONVERSION = YES;
				CLANG_WARN_NON_LITERAL_NULL_CONVERSION = YES;
				CLANG_WARN_OBJC_LITERAL_CONVERSION = YES;
				CLANG_WARN_OBJC_ROOT_CLASS = YES_ERROR;
				CLANG_WARN_RANGE_LOOP_ANALYSIS = YES;
				CLANG_WARN_STRICT_PROTOTYPES = YES;
				CLANG_WARN_SUSPICIOUS_MOVE = YES;
				CLANG_WARN_UNGUARDED_AVAILABILITY = YES_AGGRESSIVE;
				CLANG_WARN_UNREACHABLE_CODE = YES;
				CLANG_WARN__DUPLICATE_METHOD_MATCH = YES;
				CODE_SIGN_IDENTITY = "iPhone Developer";
				COPY_PHASE_STRIP = NO;
				DEBUG_INFORMATION_FORMAT = dwarf;
				ENABLE_STRICT_OBJC_MSGSEND = YES;
				ENABLE_TESTABILITY = YES;
				GCC_C_LANGUAGE_STANDARD = gnu11;
				GCC_DYNAMIC_NO_PIC = NO;
				GCC_NO_COMMON_BLOCKS = YES;
				GCC_OPTIMIZATION_LEVEL = 0;
				GCC_PREPROCESSOR_DEFINITIONS = (
					"DEBUG=1",
					"$(inherited)",
				);
				GCC_WARN_64_TO_32_BIT_CONVERSION = YES;
				GCC_WARN_ABOUT_RETURN_TYPE = YES_ERROR;
				GCC_WARN_UNDECLARED_SELECTOR = YES;
				GCC_WARN_UNINITIALIZED_AUTOS = YES_AGGRESSIVE;
				GCC_WARN_UNUSED_FUNCTION = YES;
				GCC_WARN_UNUSED_VARIABLE = YES;
				IPHONEOS_DEPLOYMENT_TARGET = 11.2;
				MTL_ENABLE_DEBUG_INFO = YES;
				ONLY_ACTIVE_ARCH = YES;
				SDKROOT = iphoneos;
				SWIFT_ACTIVE_COMPILATION_CONDITIONS = DEBUG;
				SWIFT_OPTIMIZATION_LEVEL = "-Onone";
			};
			name = Debug;
		};
		98B2AD61201AFFB50019EFAD /* Release */ = {
			isa = XCBuildConfiguration;
			buildSettings = {
				ALWAYS_SEARCH_USER_PATHS = NO;
				CLANG_ANALYZER_NONNULL = YES;
				CLANG_ANALYZER_NUMBER_OBJECT_CONVERSION = YES_AGGRESSIVE;
				CLANG_CXX_LANGUAGE_STANDARD = "gnu++14";
				CLANG_CXX_LIBRARY = "libc++";
				CLANG_ENABLE_MODULES = YES;
				CLANG_ENABLE_OBJC_ARC = YES;
				CLANG_WARN_BLOCK_CAPTURE_AUTORELEASING = YES;
				CLANG_WARN_BOOL_CONVERSION = YES;
				CLANG_WARN_COMMA = YES;
				CLANG_WARN_CONSTANT_CONVERSION = YES;
				CLANG_WARN_DIRECT_OBJC_ISA_USAGE = YES_ERROR;
				CLANG_WARN_DOCUMENTATION_COMMENTS = YES;
				CLANG_WARN_EMPTY_BODY = YES;
				CLANG_WARN_ENUM_CONVERSION = YES;
				CLANG_WARN_INFINITE_RECURSION = YES;
				CLANG_WARN_INT_CONVERSION = YES;
				CLANG_WARN_NON_LITERAL_NULL_CONVERSION = YES;
				CLANG_WARN_OBJC_LITERAL_CONVERSION = YES;
				CLANG_WARN_OBJC_ROOT_CLASS = YES_ERROR;
				CLANG_WARN_RANGE_LOOP_ANALYSIS = YES;
				CLANG_WARN_STRICT_PROTOTYPES = YES;
				CLANG_WARN_SUSPICIOUS_MOVE = YES;
				CLANG_WARN_UNGUARDED_AVAILABILITY = YES_AGGRESSIVE;
				CLANG_WARN_UNREACHABLE_CODE = YES;
				CLANG_WARN__DUPLICATE_METHOD_MATCH = YES;
				CODE_SIGN_IDENTITY = "iPhone Developer";
				COPY_PHASE_STRIP = NO;
				DEBUG_INFORMATION_FORMAT = "dwarf-with-dsym";
				ENABLE_NS_ASSERTIONS = NO;
				ENABLE_STRICT_OBJC_MSGSEND = YES;
				GCC_C_LANGUAGE_STANDARD = gnu11;
				GCC_NO_COMMON_BLOCKS = YES;
				GCC_WARN_64_TO_32_BIT_CONVERSION = YES;
				GCC_WARN_ABOUT_RETURN_TYPE = YES_ERROR;
				GCC_WARN_UNDECLARED_SELECTOR = YES;
				GCC_WARN_UNINITIALIZED_AUTOS = YES_AGGRESSIVE;
				GCC_WARN_UNUSED_FUNCTION = YES;
				GCC_WARN_UNUSED_VARIABLE = YES;
				IPHONEOS_DEPLOYMENT_TARGET = 11.2;
				MTL_ENABLE_DEBUG_INFO = NO;
				SDKROOT = iphoneos;
				SWIFT_OPTIMIZATION_LEVEL = "-Owholemodule";
				VALIDATE_PRODUCT = YES;
			};
			name = Release;
		};
		98B2AD63201AFFB50019EFAD /* Debug */ = {
			isa = XCBuildConfiguration;
			buildSettings = {
				ASSETCATALOG_COMPILER_APPICON_NAME = AppIcon;
				CODE_SIGN_STYLE = Automatic;
				DEVELOPMENT_TEAM = 8ZUBCMY648;
				INFOPLIST_FILE = ZHSlideController/Info.plist;
				LD_RUNPATH_SEARCH_PATHS = "$(inherited) @executable_path/Frameworks";
				PRODUCT_BUNDLE_IDENTIFIER = com.zhangzb.ZHSlideController;
				PRODUCT_NAME = "$(TARGET_NAME)";
				SWIFT_VERSION = 4.0;
				TARGETED_DEVICE_FAMILY = "1,2";
			};
			name = Debug;
		};
		98B2AD64201AFFB50019EFAD /* Release */ = {
			isa = XCBuildConfiguration;
			buildSettings = {
				ASSETCATALOG_COMPILER_APPICON_NAME = AppIcon;
				CODE_SIGN_STYLE = Automatic;
				DEVELOPMENT_TEAM = 8ZUBCMY648;
				INFOPLIST_FILE = ZHSlideController/Info.plist;
				LD_RUNPATH_SEARCH_PATHS = "$(inherited) @executable_path/Frameworks";
				PRODUCT_BUNDLE_IDENTIFIER = com.zhangzb.ZHSlideController;
				PRODUCT_NAME = "$(TARGET_NAME)";
				SWIFT_VERSION = 4.0;
				TARGETED_DEVICE_FAMILY = "1,2";
			};
			name = Release;
		};
/* End XCBuildConfiguration section */

/* Begin XCConfigurationList section */
		98B2AD4B201AFFB50019EFAD /* Build configuration list for PBXProject "ZHSlideController" */ = {
			isa = XCConfigurationList;
			buildConfigurations = (
				98B2AD60201AFFB50019EFAD /* Debug */,
				98B2AD61201AFFB50019EFAD /* Release */,
			);
			defaultConfigurationIsVisible = 0;
			defaultConfigurationName = Release;
		};
		98B2AD62201AFFB50019EFAD /* Build configuration list for PBXNativeTarget "ZHSlideController" */ = {
			isa = XCConfigurationList;
			buildConfigurations = (
				98B2AD63201AFFB50019EFAD /* Debug */,
				98B2AD64201AFFB50019EFAD /* Release */,
			);
			defaultConfigurationIsVisible = 0;
			defaultConfigurationName = Release;
		};
/* End XCConfigurationList section */
	};
	rootObject = 98B2AD48201AFFB50019EFAD /* Project object */;
}
